
Microsoft Visual Studio Solution File, Format Version 12.00
Project("{FAE04EC0-301F-11D3-BF4B-00C04F79EFBC}") = "ApartmentFinder", "ApartmentFinder.csproj", "{78ED96F4-E308-44DD-88F9-3432C2878210}"
EndProject
Global
	GlobalSection(SolutionConfigurationPlatforms) = preSolution
		Debug|Any CPU = Debug|Any CPU
		Release|Any CPU = Release|Any CPU
	EndGlobalSection
	GlobalSection(ProjectConfigurationPlatforms) = postSolution
		{78ED96F4-E308-44DD-88F9-3432C2878210}.Debug|Any CPU.ActiveCfg = Debug|Any CPU
		{78ED96F4-E308-44DD-88F9-3432C2878210}.Debug|Any CPU.Build.0 = Debug|Any CPU
		{78ED96F4-E308-44DD-88F9-3432C2878210}.Release|Any CPU.ActiveCfg = Release|Any CPU
		{78ED96F4-E308-44DD-88F9-3432C2878210}.Release|Any CPU.Build.0 = Release|Any CPU
	EndGlobalSection
EndGlobal
